// !$*UTF8*$!
{
	archiveVersion = 1;
	classes = {
	};
	objectVersion = 50;
	objects = {

/* Begin PBXBuildFile section */
		C5A0703D23CC252600F5DBC8 /* SharedCode.framework in Frameworks */ = {isa = PBXBuildFile; fileRef = C5A0703C23CC252600F5DBC8 /* SharedCode.framework */; };
		C5A0703E23CC252600F5DBC8 /* SharedCode.framework in Embed Frameworks */ = {isa = PBXBuildFile; fileRef = C5A0703C23CC252600F5DBC8 /* SharedCode.framework */; settings = {ATTRIBUTES = (CodeSignOnCopy, RemoveHeadersOnCopy, ); }; };
		C5D4255323CBB58300295513 /* AppDelegate.swift in Sources */ = {isa = PBXBuildFile; fileRef = C5D4255223CBB58300295513 /* AppDelegate.swift */; };
		C5D4255523CBB58300295513 /* ViewController.swift in Sources */ = {isa = PBXBuildFile; fileRef = C5D4255423CBB58300295513 /* ViewController.swift */; };
		C5D4255823CBB58300295513 /* Main.storyboard in Resources */ = {isa = PBXBuildFile; fileRef = C5D4255623CBB58300295513 /* Main.storyboard */; };
		C5D4255A23CBB58600295513 /* Assets.xcassets in Resources */ = {isa = PBXBuildFile; fileRef = C5D4255923CBB58600295513 /* Assets.xcassets */; };
		C5D4255D23CBB58600295513 /* LaunchScreen.storyboard in Resources */ = {isa = PBXBuildFile; fileRef = C5D4255B23CBB58600295513 /* LaunchScreen.storyboard */; };
		C5D4256823CBB58600295513 /* AvalonIOSTests.swift in Sources */ = {isa = PBXBuildFile; fileRef = C5D4256723CBB58600295513 /* AvalonIOSTests.swift */; };
		C5D4257323CBB58600295513 /* AvalonIOSUITests.swift in Sources */ = {isa = PBXBuildFile; fileRef = C5D4257223CBB58600295513 /* AvalonIOSUITests.swift */; };
/* End PBXBuildFile section */

/* Begin PBXContainerItemProxy section */
		C5D4256423CBB58600295513 /* PBXContainerItemProxy */ = {
			isa = PBXContainerItemProxy;
			containerPortal = C5D4254723CBB58300295513 /* Project object */;
			proxyType = 1;
			remoteGlobalIDString = C5D4254E23CBB58300295513;
			remoteInfo = AvalonIOS;
		};
		C5D4256F23CBB58600295513 /* PBXContainerItemProxy */ = {
			isa = PBXContainerItemProxy;
			containerPortal = C5D4254723CBB58300295513 /* Project object */;
			proxyType = 1;
			remoteGlobalIDString = C5D4254E23CBB58300295513;
			remoteInfo = AvalonIOS;
		};
/* End PBXContainerItemProxy section */

/* Begin PBXCopyFilesBuildPhase section */
		C5A0703F23CC252600F5DBC8 /* Embed Frameworks */ = {
			isa = PBXCopyFilesBuildPhase;
			buildActionMask = 2147483647;
			dstPath = "";
			dstSubfolderSpec = 10;
			files = (
				C5A0703E23CC252600F5DBC8 /* SharedCode.framework in Embed Frameworks */,
			);
			name = "Embed Frameworks";
			runOnlyForDeploymentPostprocessing = 0;
		};
/* End PBXCopyFilesBuildPhase section */

/* Begin PBXFileReference section */
		C5A0703C23CC252600F5DBC8 /* SharedCode.framework */ = {isa = PBXFileReference; lastKnownFileType = wrapper.framework; name = SharedCode.framework; path = "../../SharedCode/build/xcode-frameworks/SharedCode.framework"; sourceTree = "<group>"; };
		C5D4254F23CBB58300295513 /* AvalonIOS.app */ = {isa = PBXFileReference; explicitFileType = wrapper.application; includeInIndex = 0; path = AvalonIOS.app; sourceTree = BUILT_PRODUCTS_DIR; };
		C5D4255223CBB58300295513 /* AppDelegate.swift */ = {isa = PBXFileReference; lastKnownFileType = sourcecode.swift; path = AppDelegate.swift; sourceTree = "<group>"; };
		C5D4255423CBB58300295513 /* ViewController.swift */ = {isa = PBXFileReference; lastKnownFileType = sourcecode.swift; path = ViewController.swift; sourceTree = "<group>"; };
		C5D4255723CBB58300295513 /* Base */ = {isa = PBXFileReference; lastKnownFileType = file.storyboard; name = Base; path = Base.lproj/Main.storyboard; sourceTree = "<group>"; };
		C5D4255923CBB58600295513 /* Assets.xcassets */ = {isa = PBXFileReference; lastKnownFileType = folder.assetcatalog; path = Assets.xcassets; sourceTree = "<group>"; };
		C5D4255C23CBB58600295513 /* Base */ = {isa = PBXFileReference; lastKnownFileType = file.storyboard; name = Base; path = Base.lproj/LaunchScreen.storyboard; sourceTree = "<group>"; };
		C5D4255E23CBB58600295513 /* Info.plist */ = {isa = PBXFileReference; lastKnownFileType = text.plist.xml; path = Info.plist; sourceTree = "<group>"; };
		C5D4256323CBB58600295513 /* AvalonIOSTests.xctest */ = {isa = PBXFileReference; explicitFileType = wrapper.cfbundle; includeInIndex = 0; path = AvalonIOSTests.xctest; sourceTree = BUILT_PRODUCTS_DIR; };
		C5D4256723CBB58600295513 /* AvalonIOSTests.swift */ = {isa = PBXFileReference; lastKnownFileType = sourcecode.swift; path = AvalonIOSTests.swift; sourceTree = "<group>"; };
		C5D4256923CBB58600295513 /* Info.plist */ = {isa = PBXFileReference; lastKnownFileType = text.plist.xml; path = Info.plist; sourceTree = "<group>"; };
		C5D4256E23CBB58600295513 /* AvalonIOSUITests.xctest */ = {isa = PBXFileReference; explicitFileType = wrapper.cfbundle; includeInIndex = 0; path = AvalonIOSUITests.xctest; sourceTree = BUILT_PRODUCTS_DIR; };
		C5D4257223CBB58600295513 /* AvalonIOSUITests.swift */ = {isa = PBXFileReference; lastKnownFileType = sourcecode.swift; path = AvalonIOSUITests.swift; sourceTree = "<group>"; };
		C5D4257423CBB58600295513 /* Info.plist */ = {isa = PBXFileReference; lastKnownFileType = text.plist.xml; path = Info.plist; sourceTree = "<group>"; };
/* End PBXFileReference section */

/* Begin PBXFrameworksBuildPhase section */
		C5D4254C23CBB58300295513 /* Frameworks */ = {
			isa = PBXFrameworksBuildPhase;
			buildActionMask = 2147483647;
			files = (
				C5A0703D23CC252600F5DBC8 /* SharedCode.framework in Frameworks */,
			);
			runOnlyForDeploymentPostprocessing = 0;
		};
		C5D4256023CBB58600295513 /* Frameworks */ = {
			isa = PBXFrameworksBuildPhase;
			buildActionMask = 2147483647;
			files = (
			);
			runOnlyForDeploymentPostprocessing = 0;
		};
		C5D4256B23CBB58600295513 /* Frameworks */ = {
			isa = PBXFrameworksBuildPhase;
			buildActionMask = 2147483647;
			files = (
			);
			runOnlyForDeploymentPostprocessing = 0;
		};
/* End PBXFrameworksBuildPhase section */

/* Begin PBXGroup section */
		C5D4254623CBB58300295513 = {
			isa = PBXGroup;
			children = (
				C5A0703C23CC252600F5DBC8 /* SharedCode.framework */,
				C5D4255123CBB58300295513 /* AvalonIOS */,
				C5D4256623CBB58600295513 /* AvalonIOSTests */,
				C5D4257123CBB58600295513 /* AvalonIOSUITests */,
				C5D4255023CBB58300295513 /* Products */,
			);
			sourceTree = "<group>";
		};
		C5D4255023CBB58300295513 /* Products */ = {
			isa = PBXGroup;
			children = (
				C5D4254F23CBB58300295513 /* AvalonIOS.app */,
				C5D4256323CBB58600295513 /* AvalonIOSTests.xctest */,
				C5D4256E23CBB58600295513 /* AvalonIOSUITests.xctest */,
			);
			name = Products;
			sourceTree = "<group>";
		};
		C5D4255123CBB58300295513 /* AvalonIOS */ = {
			isa = PBXGroup;
			children = (
				C5D4255223CBB58300295513 /* AppDelegate.swift */,
				C5D4255423CBB58300295513 /* ViewController.swift */,
				C5D4255623CBB58300295513 /* Main.storyboard */,
				C5D4255923CBB58600295513 /* Assets.xcassets */,
				C5D4255B23CBB58600295513 /* LaunchScreen.storyboard */,
				C5D4255E23CBB58600295513 /* Info.plist */,
			);
			path = AvalonIOS;
			sourceTree = "<group>";
		};
		C5D4256623CBB58600295513 /* AvalonIOSTests */ = {
			isa = PBXGroup;
			children = (
				C5D4256723CBB58600295513 /* AvalonIOSTests.swift */,
				C5D4256923CBB58600295513 /* Info.plist */,
			);
			path = AvalonIOSTests;
			sourceTree = "<group>";
		};
		C5D4257123CBB58600295513 /* AvalonIOSUITests */ = {
			isa = PBXGroup;
			children = (
				C5D4257223CBB58600295513 /* AvalonIOSUITests.swift */,
				C5D4257423CBB58600295513 /* Info.plist */,
			);
			path = AvalonIOSUITests;
			sourceTree = "<group>";
		};
/* End PBXGroup section */

/* Begin PBXNativeTarget section */
		C5D4254E23CBB58300295513 /* AvalonIOS */ = {
			isa = PBXNativeTarget;
			buildConfigurationList = C5D4257723CBB58600295513 /* Build configuration list for PBXNativeTarget "AvalonIOS" */;
			buildPhases = (
				C5A0704023CC25FD00F5DBC8 /* ShellScript */,
				C5D4254B23CBB58300295513 /* Sources */,
				C5D4254C23CBB58300295513 /* Frameworks */,
				C5D4254D23CBB58300295513 /* Resources */,
				C5A0703F23CC252600F5DBC8 /* Embed Frameworks */,
			);
			buildRules = (
			);
			dependencies = (
			);
			name = AvalonIOS;
			productName = AvalonIOS;
			productReference = C5D4254F23CBB58300295513 /* AvalonIOS.app */;
			productType = "com.apple.product-type.application";
		};
		C5D4256223CBB58600295513 /* AvalonIOSTests */ = {
			isa = PBXNativeTarget;
			buildConfigurationList = C5D4257A23CBB58600295513 /* Build configuration list for PBXNativeTarget "AvalonIOSTests" */;
			buildPhases = (
				C5D4255F23CBB58600295513 /* Sources */,
				C5D4256023CBB58600295513 /* Frameworks */,
				C5D4256123CBB58600295513 /* Resources */,
			);
			buildRules = (
			);
			dependencies = (
				C5D4256523CBB58600295513 /* PBXTargetDependency */,
			);
			name = AvalonIOSTests;
			productName = AvalonIOSTests;
			productReference = C5D4256323CBB58600295513 /* AvalonIOSTests.xctest */;
			productType = "com.apple.product-type.bundle.unit-test";
		};
		C5D4256D23CBB58600295513 /* AvalonIOSUITests */ = {
			isa = PBXNativeTarget;
			buildConfigurationList = C5D4257D23CBB58600295513 /* Build configuration list for PBXNativeTarget "AvalonIOSUITests" */;
			buildPhases = (
				C5D4256A23CBB58600295513 /* Sources */,
				C5D4256B23CBB58600295513 /* Frameworks */,
				C5D4256C23CBB58600295513 /* Resources */,
			);
			buildRules = (
			);
			dependencies = (
				C5D4257023CBB58600295513 /* PBXTargetDependency */,
			);
			name = AvalonIOSUITests;
			productName = AvalonIOSUITests;
			productReference = C5D4256E23CBB58600295513 /* AvalonIOSUITests.xctest */;
			productType = "com.apple.product-type.bundle.ui-testing";
		};
/* End PBXNativeTarget section */

/* Begin PBXProject section */
		C5D4254723CBB58300295513 /* Project object */ = {
			isa = PBXProject;
			attributes = {
				LastSwiftUpdateCheck = 1030;
				LastUpgradeCheck = 1030;
				ORGANIZATIONNAME = "Max Tauro";
				TargetAttributes = {
					C5D4254E23CBB58300295513 = {
						CreatedOnToolsVersion = 10.3;
					};
					C5D4256223CBB58600295513 = {
						CreatedOnToolsVersion = 10.3;
						TestTargetID = C5D4254E23CBB58300295513;
					};
					C5D4256D23CBB58600295513 = {
						CreatedOnToolsVersion = 10.3;
						TestTargetID = C5D4254E23CBB58300295513;
					};
				};
			};
			buildConfigurationList = C5D4254A23CBB58300295513 /* Build configuration list for PBXProject "AvalonIOS" */;
			compatibilityVersion = "Xcode 9.3";
			developmentRegion = en;
			hasScannedForEncodings = 0;
			knownRegions = (
				en,
				Base,
			);
			mainGroup = C5D4254623CBB58300295513;
			productRefGroup = C5D4255023CBB58300295513 /* Products */;
			projectDirPath = "";
			projectRoot = "";
			targets = (
				C5D4254E23CBB58300295513 /* AvalonIOS */,
				C5D4256223CBB58600295513 /* AvalonIOSTests */,
				C5D4256D23CBB58600295513 /* AvalonIOSUITests */,
			);
		};
/* End PBXProject section */

/* Begin PBXResourcesBuildPhase section */
		C5D4254D23CBB58300295513 /* Resources */ = {
			isa = PBXResourcesBuildPhase;
			buildActionMask = 2147483647;
			files = (
				C5D4255D23CBB58600295513 /* LaunchScreen.storyboard in Resources */,
				C5D4255A23CBB58600295513 /* Assets.xcassets in Resources */,
				C5D4255823CBB58300295513 /* Main.storyboard in Resources */,
			);
			runOnlyForDeploymentPostprocessing = 0;
		};
		C5D4256123CBB58600295513 /* Resources */ = {
			isa = PBXResourcesBuildPhase;
			buildActionMask = 2147483647;
			files = (
			);
			runOnlyForDeploymentPostprocessing = 0;
		};
		C5D4256C23CBB58600295513 /* Resources */ = {
			isa = PBXResourcesBuildPhase;
			buildActionMask = 2147483647;
			files = (
			);
			runOnlyForDeploymentPostprocessing = 0;
		};
/* End PBXResourcesBuildPhase section */

/* Begin PBXShellScriptBuildPhase section */
		C5A0704023CC25FD00F5DBC8 /* ShellScript */ = {
			isa = PBXShellScriptBuildPhase;
			buildActionMask = 2147483647;
			files = (
			);
			inputFileListPaths = (
			);
			inputPaths = (
			);
			outputFileListPaths = (
			);
			outputPaths = (
			);
			runOnlyForDeploymentPostprocessing = 0;
			shellPath = /bin/sh;
			shellScript = "cd \"$SRCROOT/../../SharedCode/build/xcode-frameworks\"\n./gradlew :SharedCode:packForXCode -PXCODE_CONFIGURATION=${CONFIGURATION}\n";
		};
/* End PBXShellScriptBuildPhase section */

/* Begin PBXSourcesBuildPhase section */
		C5D4254B23CBB58300295513 /* Sources */ = {
			isa = PBXSourcesBuildPhase;
			buildActionMask = 2147483647;
			files = (
				C5D4255523CBB58300295513 /* ViewController.swift in Sources */,
				C5D4255323CBB58300295513 /* AppDelegate.swift in Sources */,
			);
			runOnlyForDeploymentPostprocessing = 0;
		};
		C5D4255F23CBB58600295513 /* Sources */ = {
			isa = PBXSourcesBuildPhase;
			buildActionMask = 2147483647;
			files = (
				C5D4256823CBB58600295513 /* AvalonIOSTests.swift in Sources */,
			);
			runOnlyForDeploymentPostprocessing = 0;
		};
		C5D4256A23CBB58600295513 /* Sources */ = {
			isa = PBXSourcesBuildPhase;
			buildActionMask = 2147483647;
			files = (
				C5D4257323CBB58600295513 /* AvalonIOSUITests.swift in Sources */,
			);
			runOnlyForDeploymentPostprocessing = 0;
		};
/* End PBXSourcesBuildPhase section */

/* Begin PBXTargetDependency section */
		C5D4256523CBB58600295513 /* PBXTargetDependency */ = {
			isa = PBXTargetDependency;
			target = C5D4254E23CBB58300295513 /* AvalonIOS */;
			targetProxy = C5D4256423CBB58600295513 /* PBXContainerItemProxy */;
		};
		C5D4257023CBB58600295513 /* PBXTargetDependency */ = {
			isa = PBXTargetDependency;
			target = C5D4254E23CBB58300295513 /* AvalonIOS */;
			targetProxy = C5D4256F23CBB58600295513 /* PBXContainerItemProxy */;
		};
/* End PBXTargetDependency section */

/* Begin PBXVariantGroup section */
		C5D4255623CBB58300295513 /* Main.storyboard */ = {
			isa = PBXVariantGroup;
			children = (
				C5D4255723CBB58300295513 /* Base */,
			);
			name = Main.storyboard;
			sourceTree = "<group>";
		};
		C5D4255B23CBB58600295513 /* LaunchScreen.storyboard */ = {
			isa = PBXVariantGroup;
			children = (
				C5D4255C23CBB58600295513 /* Base */,
			);
			name = LaunchScreen.storyboard;
			sourceTree = "<group>";
		};
/* End PBXVariantGroup section */

/* Begin XCBuildConfiguration section */
		C5D4257523CBB58600295513 /* Debug */ = {
			isa = XCBuildConfiguration;
			buildSettings = {
				ALWAYS_SEARCH_USER_PATHS = NO;
				CLANG_ANALYZER_NONNULL = YES;
				CLANG_ANALYZER_NUMBER_OBJECT_CONVERSION = YES_AGGRESSIVE;
				CLANG_CXX_LANGUAGE_STANDARD = "gnu++14";
				CLANG_CXX_LIBRARY = "libc++";
				CLANG_ENABLE_MODULES = YES;
				CLANG_ENABLE_OBJC_ARC = YES;
				CLANG_ENABLE_OBJC_WEAK = YES;
				CLANG_WARN_BLOCK_CAPTURE_AUTORELEASING = YES;
				CLANG_WARN_BOOL_CONVERSION = YES;
				CLANG_WARN_COMMA = YES;
				CLANG_WARN_CONSTANT_CONVERSION = YES;
				CLANG_WARN_DEPRECATED_OBJC_IMPLEMENTATIONS = YES;
				CLANG_WARN_DIRECT_OBJC_ISA_USAGE = YES_ERROR;
				CLANG_WARN_DOCUMENTATION_COMMENTS = YES;
				CLANG_WARN_EMPTY_BODY = YES;
				CLANG_WARN_ENUM_CONVERSION = YES;
				CLANG_WARN_INFINITE_RECURSION = YES;
				CLANG_WARN_INT_CONVERSION = YES;
				CLANG_WARN_NON_LITERAL_NULL_CONVERSION = YES;
				CLANG_WARN_OBJC_IMPLICIT_RETAIN_SELF = YES;
				CLANG_WARN_OBJC_LITERAL_CONVERSION = YES;
				CLANG_WARN_OBJC_ROOT_CLASS = YES_ERROR;
				CLANG_WARN_RANGE_LOOP_ANALYSIS = YES;
				CLANG_WARN_STRICT_PROTOTYPES = YES;
				CLANG_WARN_SUSPICIOUS_MOVE = YES;
				CLANG_WARN_UNGUARDED_AVAILABILITY = YES_AGGRESSIVE;
				CLANG_WARN_UNREACHABLE_CODE = YES;
				CLANG_WARN__DUPLICATE_METHOD_MATCH = YES;
				CODE_SIGN_IDENTITY = "iPhone Developer";
				COPY_PHASE_STRIP = NO;
				DEBUG_INFORMATION_FORMAT = dwarf;
				ENABLE_STRICT_OBJC_MSGSEND = YES;
				ENABLE_TESTABILITY = YES;
				GCC_C_LANGUAGE_STANDARD = gnu11;
				GCC_DYNAMIC_NO_PIC = NO;
				GCC_NO_COMMON_BLOCKS = YES;
				GCC_OPTIMIZATION_LEVEL = 0;
				GCC_PREPROCESSOR_DEFINITIONS = (
					"DEBUG=1",
					"$(inherited)",
				);
				GCC_WARN_64_TO_32_BIT_CONVERSION = YES;
				GCC_WARN_ABOUT_RETURN_TYPE = YES_ERROR;
				GCC_WARN_UNDECLARED_SELECTOR = YES;
				GCC_WARN_UNINITIALIZED_AUTOS = YES_AGGRESSIVE;
				GCC_WARN_UNUSED_FUNCTION = YES;
				GCC_WARN_UNUSED_VARIABLE = YES;
				IPHONEOS_DEPLOYMENT_TARGET = 12.4;
				MTL_ENABLE_DEBUG_INFO = INCLUDE_SOURCE;
				MTL_FAST_MATH = YES;
				ONLY_ACTIVE_ARCH = YES;
				SDKROOT = iphoneos;
				SWIFT_ACTIVE_COMPILATION_CONDITIONS = DEBUG;
				SWIFT_OPTIMIZATION_LEVEL = "-Onone";
			};
			name = Debug;
		};
		C5D4257623CBB58600295513 /* Release */ = {
			isa = XCBuildConfiguration;
			buildSettings = {
				ALWAYS_SEARCH_USER_PATHS = NO;
				CLANG_ANALYZER_NONNULL = YES;
				CLANG_ANALYZER_NUMBER_OBJECT_CONVERSION = YES_AGGRESSIVE;
				CLANG_CXX_LANGUAGE_STANDARD = "gnu++14";
				CLANG_CXX_LIBRARY = "libc++";
				CLANG_ENABLE_MODULES = YES;
				CLANG_ENABLE_OBJC_ARC = YES;
				CLANG_ENABLE_OBJC_WEAK = YES;
				CLANG_WARN_BLOCK_CAPTURE_AUTORELEASING = YES;
				CLANG_WARN_BOOL_CONVERSION = YES;
				CLANG_WARN_COMMA = YES;
				CLANG_WARN_CONSTANT_CONVERSION = YES;
				CLANG_WARN_DEPRECATED_OBJC_IMPLEMENTATIONS = YES;
				CLANG_WARN_DIRECT_OBJC_ISA_USAGE = YES_ERROR;
				CLANG_WARN_DOCUMENTATION_COMMENTS = YES;
				CLANG_WARN_EMPTY_BODY = YES;
				CLANG_WARN_ENUM_CONVERSION = YES;
				CLANG_WARN_INFINITE_RECURSION = YES;
				CLANG_WARN_INT_CONVERSION = YES;
				CLANG_WARN_NON_LITERAL_NULL_CONVERSION = YES;
				CLANG_WARN_OBJC_IMPLICIT_RETAIN_SELF = YES;
				CLANG_WARN_OBJC_LITERAL_CONVERSION = YES;
				CLANG_WARN_OBJC_ROOT_CLASS = YES_ERROR;
				CLANG_WARN_RANGE_LOOP_ANALYSIS = YES;
				CLANG_WARN_STRICT_PROTOTYPES = YES;
				CLANG_WARN_SUSPICIOUS_MOVE = YES;
				CLANG_WARN_UNGUARDED_AVAILABILITY = YES_AGGRESSIVE;
				CLANG_WARN_UNREACHABLE_CODE = YES;
				CLANG_WARN__DUPLICATE_METHOD_MATCH = YES;
				CODE_SIGN_IDENTITY = "iPhone Developer";
				COPY_PHASE_STRIP = NO;
				DEBUG_INFORMATION_FORMAT = "dwarf-with-dsym";
				ENABLE_NS_ASSERTIONS = NO;
				ENABLE_STRICT_OBJC_MSGSEND = YES;
				GCC_C_LANGUAGE_STANDARD = gnu11;
				GCC_NO_COMMON_BLOCKS = YES;
				GCC_WARN_64_TO_32_BIT_CONVERSION = YES;
				GCC_WARN_ABOUT_RETURN_TYPE = YES_ERROR;
				GCC_WARN_UNDECLARED_SELECTOR = YES;
				GCC_WARN_UNINITIALIZED_AUTOS = YES_AGGRESSIVE;
				GCC_WARN_UNUSED_FUNCTION = YES;
				GCC_WARN_UNUSED_VARIABLE = YES;
				IPHONEOS_DEPLOYMENT_TARGET = 12.4;
				MTL_ENABLE_DEBUG_INFO = NO;
				MTL_FAST_MATH = YES;
				SDKROOT = iphoneos;
				SWIFT_COMPILATION_MODE = wholemodule;
				SWIFT_OPTIMIZATION_LEVEL = "-O";
				VALIDATE_PRODUCT = YES;
			};
			name = Release;
		};
		C5D4257823CBB58600295513 /* Debug */ = {
			isa = XCBuildConfiguration;
			buildSettings = {
				ASSETCATALOG_COMPILER_APPICON_NAME = AppIcon;
				CODE_SIGN_STYLE = Automatic;
				FRAMEWORK_SEARCH_PATHS = "$(SRCROOT)/../../SharedCode/build/xcode-frameworks";
				INFOPLIST_FILE = AvalonIOS/Info.plist;
				LD_RUNPATH_SEARCH_PATHS = (
					"$(inherited)",
					"@executable_path/Frameworks",
				);
				PRODUCT_BUNDLE_IDENTIFIER = com.maxtauro.AvalonIOS;
				PRODUCT_NAME = "$(TARGET_NAME)";
				SWIFT_VERSION = 5.0;
				TARGETED_DEVICE_FAMILY = "1,2";
			};
			name = Debug;
		};
		C5D4257923CBB58600295513 /* Release */ = {
			isa = XCBuildConfiguration;
			buildSettings = {
				ASSETCATALOG_COMPILER_APPICON_NAME = AppIcon;
				CODE_SIGN_STYLE = Automatic;
				FRAMEWORK_SEARCH_PATHS = "$(SRCROOT)/../../SharedCode/build/xcode-frameworks";
				INFOPLIST_FILE = AvalonIOS/Info.plist;
				LD_RUNPATH_SEARCH_PATHS = (
					"$(inherited)",
					"@executable_path/Frameworks",
				);
				PRODUCT_BUNDLE_IDENTIFIER = com.maxtauro.AvalonIOS;
				PRODUCT_NAME = "$(TARGET_NAME)";
				SWIFT_VERSION = 5.0;
				TARGETED_DEVICE_FAMILY = "1,2";
			};
			name = Release;
		};
		C5D4257B23CBB58600295513 /* Debug */ = {
			isa = XCBuildConfiguration;
			buildSettings = {
				ALWAYS_EMBED_SWIFT_STANDARD_LIBRARIES = YES;
				BUNDLE_LOADER = "$(TEST_HOST)";
				CODE_SIGN_STYLE = Automatic;
				INFOPLIST_FILE = AvalonIOSTests/Info.plist;
				LD_RUNPATH_SEARCH_PATHS = (
					"$(inherited)",
					"@executable_path/Frameworks",
					"@loader_path/Frameworks",
				);
				PRODUCT_BUNDLE_IDENTIFIER = com.maxtauro.AvalonIOSTests;
				PRODUCT_NAME = "$(TARGET_NAME)";
				SWIFT_VERSION = 5.0;
				TARGETED_DEVICE_FAMILY = "1,2";
				TEST_HOST = "$(BUILT_PRODUCTS_DIR)/AvalonIOS.app/AvalonIOS";
			};
			name = Debug;
		};
		C5D4257C23CBB58600295513 /* Release */ = {
			isa = XCBuildConfiguration;
			buildSettings = {
				ALWAYS_EMBED_SWIFT_STANDARD_LIBRARIES = YES;
				BUNDLE_LOADER = "$(TEST_HOST)";
				CODE_SIGN_STYLE = Automatic;
				INFOPLIST_FILE = AvalonIOSTests/Info.plist;
				LD_RUNPATH_SEARCH_PATHS = (
					"$(inherited)",
					"@executable_path/Frameworks",
					"@loader_path/Frameworks",
				);
				PRODUCT_BUNDLE_IDENTIFIER = com.maxtauro.AvalonIOSTests;
				PRODUCT_NAME = "$(TARGET_NAME)";
				SWIFT_VERSION = 5.0;
				TARGETED_DEVICE_FAMILY = "1,2";
				TEST_HOST = "$(BUILT_PRODUCTS_DIR)/AvalonIOS.app/AvalonIOS";
			};
			name = Release;
		};
		C5D4257E23CBB58600295513 /* Debug */ = {
			isa = XCBuildConfiguration;
			buildSettings = {
				ALWAYS_EMBED_SWIFT_STANDARD_LIBRARIES = YES;
				CODE_SIGN_STYLE = Automatic;
				INFOPLIST_FILE = AvalonIOSUITests/Info.plist;
				LD_RUNPATH_SEARCH_PATHS = (
					"$(inherited)",
					"@executable_path/Frameworks",
					"@loader_path/Frameworks",
				);
				PRODUCT_BUNDLE_IDENTIFIER = com.maxtauro.AvalonIOSUITests;
				PRODUCT_NAME = "$(TARGET_NAME)";
				SWIFT_VERSION = 5.0;
				TARGETED_DEVICE_FAMILY = "1,2";
				TEST_TARGET_NAME = AvalonIOS;
			};
			name = Debug;
		};
		C5D4257F23CBB58600295513 /* Release */ = {
			isa = XCBuildConfiguration;
			buildSettings = {
				ALWAYS_EMBED_SWIFT_STANDARD_LIBRARIES = YES;
				CODE_SIGN_STYLE = Automatic;
				INFOPLIST_FILE = AvalonIOSUITests/Info.plist;
				LD_RUNPATH_SEARCH_PATHS = (
					"$(inherited)",
					"@executable_path/Frameworks",
					"@loader_path/Frameworks",
				);
				PRODUCT_BUNDLE_IDENTIFIER = com.maxtauro.AvalonIOSUITests;
				PRODUCT_NAME = "$(TARGET_NAME)";
				SWIFT_VERSION = 5.0;
				TARGETED_DEVICE_FAMILY = "1,2";
				TEST_TARGET_NAME = AvalonIOS;
			};
			name = Release;
		};
/* End XCBuildConfiguration section */

/* Begin XCConfigurationList section */
		C5D4254A23CBB58300295513 /* Build configuration list for PBXProject "AvalonIOS" */ = {
			isa = XCConfigurationList;
			buildConfigurations = (
				C5D4257523CBB58600295513 /* Debug */,
				C5D4257623CBB58600295513 /* Release */,
			);
			defaultConfigurationIsVisible = 0;
			defaultConfigurationName = Release;
		};
		C5D4257723CBB58600295513 /* Build configuration list for PBXNativeTarget "AvalonIOS" */ = {
			isa = XCConfigurationList;
			buildConfigurations = (
				C5D4257823CBB58600295513 /* Debug */,
				C5D4257923CBB58600295513 /* Release */,
			);
			defaultConfigurationIsVisible = 0;
			defaultConfigurationName = Release;
		};
		C5D4257A23CBB58600295513 /* Build configuration list for PBXNativeTarget "AvalonIOSTests" */ = {
			isa = XCConfigurationList;
			buildConfigurations = (
				C5D4257B23CBB58600295513 /* Debug */,
				C5D4257C23CBB58600295513 /* Release */,
			);
			defaultConfigurationIsVisible = 0;
			defaultConfigurationName = Release;
		};
		C5D4257D23CBB58600295513 /* Build configuration list for PBXNativeTarget "AvalonIOSUITests" */ = {
			isa = XCConfigurationList;
			buildConfigurations = (
				C5D4257E23CBB58600295513 /* Debug */,
				C5D4257F23CBB58600295513 /* Release */,
			);
			defaultConfigurationIsVisible = 0;
			defaultConfigurationName = Release;
		};
/* End XCConfigurationList section */
	};
	rootObject = C5D4254723CBB58300295513 /* Project object */;
}
